PODS:
  - AFNetworking (3.2.1):
    - AFNetworking/NSURLSession (= 3.2.1)
    - AFNetworking/Reachability (= 3.2.1)
    - AFNetworking/Security (= 3.2.1)
    - AFNetworking/Serialization (= 3.2.1)
    - AFNetworking/UIKit (= 3.2.1)
  - AFNetworking/NSURLSession (3.2.1):
    - AFNetworking/Reachability
    - AFNetworking/Security
    - AFNetworking/Serialization
  - AFNetworking/Reachability (3.2.1)
  - AFNetworking/Security (3.2.1)
  - AFNetworking/Serialization (3.2.1)
  - AFNetworking/UIKit (3.2.1):
    - AFNetworking/NSURLSession
  - CocoaAsyncSocket (7.6.3)
  - JSONModel (1.8.0)
  - Masonry (1.1.0)
  - MBProgressHUD (1.1.0)
  - MJRefresh (3.1.15.7)
  - MMPopupView (1.7.2):
    - Masonry
  - PPNumberButton (0.8.0)
  - SDAutoLayout (2.2.1)
  - SVProgressHUD (2.2.5)
  - TYAlertController (1.2.0)

DEPENDENCIES:
  - AFNetworking
  - CocoaAsyncSocket
  - JSONModel
  - Masonry
  - MBProgressHUD
  - MJRefresh
  - MMPopupView
  - PPNumberButton
  - SDAutoLayout
  - SVProgressHUD
  - TYAlertController

SPEC REPOS:
  https://github.com/cocoapods/specs.git:
    - AFNetworking
    - CocoaAsyncSocket
    - JSONModel
    - Masonry
    - MBProgressHUD
    - MJRefresh
    - MMPopupView
    - PPNumberButton
    - SDAutoLayout
    - SVProgressHUD
    - TYAlertController

SPEC CHECKSUMS:
  AFNetworking: b6f891fdfaed196b46c7a83cf209e09697b94057
  CocoaAsyncSocket: eafaa68a7e0ec99ead0a7b35015e0bf25d2c8987
  JSONModel: 02ab723958366a3fd27da57ea2af2113658762e9
  Masonry: 678fab65091a9290e40e2832a55e7ab731aad201
  MBProgressHUD: e7baa36a220447d8aeb12769bf0585582f3866d9
  MJRefresh: 697f8ec75ebdbe9207767bb682cf0f51b0d8a41f
  MMPopupView: fe1dd010824029dfb632fdf1a531db5dd5386020
  PPNumberButton: 4442ff64c21d91733057ca1b3dc05fb4df55f2c0
  SDAutoLayout: 8bf6b3bbc8b01f775d4defbb4fda2ace805461be
  SVProgressHUD: 1428aafac632c1f86f62aa4243ec12008d7a51d6
  TYAlertController: c121090edb0bea7426f987da94cdddd81eef4231

PODFILE CHECKSUM: 3effa270d79ea46b9faea9bcebc7b1384289a742

COCOAPODS: 1.5.3
